<?xml version="1.0" encoding="utf-8"?>
<Project ToolsVersion="4.0" xmlns="http://schemas.microsoft.com/developer/msbuild/2003">
  <ItemGroup>
    <Filter Include="Archivos de código fuente">
      <UniqueIdentifier>{4FC737F1-C7A5-4376-A066-2A32D752A2FF}</UniqueIdentifier>
      <Extensions>cpp;c;cc;cxx;def;odl;idl;hpj;bat;asm;asmx</Extensions>
    </Filter>
    <Filter Include="Formularios">
      <UniqueIdentifier>{93995380-89BD-4b04-88EB-625FBE52EBFB}</UniqueIdentifier>
      <Extensions>h;hh;hpp;hxx;hm;inl;inc;xsd</Extensions>
    </Filter>
    <Filter Include="Archivos de Juego">
      <UniqueIdentifier>{51f571f7-6e8a-4ad5-bdad-a80a90913647}</UniqueIdentifier>
    </Filter>
  </ItemGroup>
  <ItemGroup>
    <ClCompile Include="main.cpp">
      <Filter>Archivos de código fuente</Filter>
    </ClCompile>
  </ItemGroup>
  <ItemGroup>
    <ClInclude Include="fmrMenu.h">
      <Filter>Formularios</Filter>
    </ClInclude>
    <ClInclude Include="Jugador.h">
      <Filter>Archivos de Juego</Filter>
    </ClInclude>
    <ClInclude Include="Personaje.h">
      <Filter>Archivos de Juego</Filter>
    </ClInclude>
    <ClInclude Include="Mensaje.h">
      <Filter>Archivos de Juego</Filter>
    </ClInclude>
    <ClInclude Include="Ambulancia.h">
      <Filter>Archivos de Juego</Filter>
    </ClInclude>
    <ClInclude Include="fmrDato.h">
      <Filter>Formularios</Filter>
    </ClInclude>
    <ClInclude Include="ArrAdversario.h">
      <Filter>Archivos de Juego</Filter>
    </ClInclude>
    <ClInclude Include="Policia.h">
      <Filter>Archivos de Juego</Filter>
    </ClInclude>
    <ClInclude Include="ObstaculosEscenario1.h">
      <Filter>Archivos de Juego</Filter>
    </ClInclude>
    <ClInclude Include="ObstaculosAdversarios1.h">
      <Filter>Archivos de Juego</Filter>
    </ClInclude>
    <ClInclude Include="Adversario.h">
      <Filter>Archivos de Juego</Filter>
    </ClInclude>
    <ClInclude Include="ObstaculosAdversarios2.h">
      <Filter>Archivos de Juego</Filter>
    </ClInclude>
    <ClInclude Include="ObstaculosEscenario2.h">
      <Filter>Archivos de Juego</Filter>
    </ClInclude>
    <ClInclude Include="FuerzaArmada.h">
      <Filter>Archivos de Juego</Filter>
    </ClInclude>
    <ClInclude Include="Bala.h">
      <Filter>Archivos de Juego</Filter>
    </ClInclude>
    <ClInclude Include="fmrGanaste.h">
      <Filter>Formularios</Filter>
    </ClInclude>
    <ClInclude Include="fmrPerdiste.h">
      <Filter>Formularios</Filter>
    </ClInclude>
    <ClInclude Include="fmrInstrucciones.h">
      <Filter>Formularios</Filter>
    </ClInclude>
    <ClInclude Include="ControlJuego.h">
      <Filter>Archivos de Juego</Filter>
    </ClInclude>
    <ClInclude Include="fmrJuego.h">
      <Filter>Formularios</Filter>
    </ClInclude>
  </ItemGroup>
  <ItemGroup>
    <EmbeddedResource Include="fmrMenu.resx" />
    <EmbeddedResource Include="fmrDato.resx" />
  </ItemGroup>
</Project>